// !$*UTF8*$!
{
	archiveVersion = 1;
	classes = {
	};
	objectVersion = 48;
	objects = {

/* Begin PBXBuildFile section */
		6071D885207428250004C8AB /* AppDelegate.swift in Sources */ = {isa = PBXBuildFile; fileRef = 6071D884207428250004C8AB /* AppDelegate.swift */; };
		6071D887207428250004C8AB /* ViewController.swift in Sources */ = {isa = PBXBuildFile; fileRef = 6071D886207428250004C8AB /* ViewController.swift */; };
		6071D88A207428250004C8AB /* Main.storyboard in Resources */ = {isa = PBXBuildFile; fileRef = 6071D888207428250004C8AB /* Main.storyboard */; };
		6071D88C207428250004C8AB /* Assets.xcassets in Resources */ = {isa = PBXBuildFile; fileRef = 6071D88B207428250004C8AB /* Assets.xcassets */; };
		6071D88F207428250004C8AB /* LaunchScreen.storyboard in Resources */ = {isa = PBXBuildFile; fileRef = 6071D88D207428250004C8AB /* LaunchScreen.storyboard */; };
		6071D897207428AA0004C8AB /* TabA.swift in Sources */ = {isa = PBXBuildFile; fileRef = 6071D896207428AA0004C8AB /* TabA.swift */; };
		6071D899207434030004C8AB /* TabB.swift in Sources */ = {isa = PBXBuildFile; fileRef = 6071D898207434030004C8AB /* TabB.swift */; };
		6071D89C20752C750004C8AB /* TabC.swift in Sources */ = {isa = PBXBuildFile; fileRef = 6071D89B20752C750004C8AB /* TabC.swift */; };
/* End PBXBuildFile section */

/* Begin PBXFileReference section */
		6071D881207428250004C8AB /* TabbedSearch.app */ = {isa = PBXFileReference; explicitFileType = wrapper.application; includeInIndex = 0; path = TabbedSearch.app; sourceTree = BUILT_PRODUCTS_DIR; };
		6071D884207428250004C8AB /* AppDelegate.swift */ = {isa = PBXFileReference; lastKnownFileType = sourcecode.swift; path = AppDelegate.swift; sourceTree = "<group>"; };
		6071D886207428250004C8AB /* ViewController.swift */ = {isa = PBXFileReference; lastKnownFileType = sourcecode.swift; path = ViewController.swift; sourceTree = "<group>"; };
		6071D889207428250004C8AB /* Base */ = {isa = PBXFileReference; lastKnownFileType = file.storyboard; name = Base; path = Base.lproj/Main.storyboard; sourceTree = "<group>"; };
		6071D88B207428250004C8AB /* Assets.xcassets */ = {isa = PBXFileReference; lastKnownFileType = folder.assetcatalog; path = Assets.xcassets; sourceTree = "<group>"; };
		6071D88E207428250004C8AB /* Base */ = {isa = PBXFileReference; lastKnownFileType = file.storyboard; name = Base; path = Base.lproj/LaunchScreen.storyboard; sourceTree = "<group>"; };
		6071D890207428250004C8AB /* Info.plist */ = {isa = PBXFileReference; lastKnownFileType = text.plist.xml; path = Info.plist; sourceTree = "<group>"; };
		6071D896207428AA0004C8AB /* TabA.swift */ = {isa = PBXFileReference; lastKnownFileType = sourcecode.swift; path = TabA.swift; sourceTree = "<group>"; };
		6071D898207434030004C8AB /* TabB.swift */ = {isa = PBXFileReference; lastKnownFileType = sourcecode.swift; path = TabB.swift; sourceTree = "<group>"; };
		6071D89B20752C750004C8AB /* TabC.swift */ = {isa = PBXFileReference; lastKnownFileType = sourcecode.swift; path = TabC.swift; sourceTree = "<group>"; };
/* End PBXFileReference section */

/* Begin PBXFrameworksBuildPhase section */
		6071D87E207428250004C8AB /* Frameworks */ = {
			isa = PBXFrameworksBuildPhase;
			buildActionMask = 2147483647;
			files = (
			);
			runOnlyForDeploymentPostprocessing = 0;
		};
/* End PBXFrameworksBuildPhase section */

/* Begin PBXGroup section */
		6071D878207428250004C8AB = {
			isa = PBXGroup;
			children = (
				6071D883207428250004C8AB /* TabbedSearch */,
				6071D882207428250004C8AB /* Products */,
			);
			sourceTree = "<group>";
		};
		6071D882207428250004C8AB /* Products */ = {
			isa = PBXGroup;
			children = (
				6071D881207428250004C8AB /* TabbedSearch.app */,
			);
			name = Products;
			sourceTree = "<group>";
		};
		6071D883207428250004C8AB /* TabbedSearch */ = {
			isa = PBXGroup;
			children = (
				6071D884207428250004C8AB /* AppDelegate.swift */,
				6071D886207428250004C8AB /* ViewController.swift */,
				6071D896207428AA0004C8AB /* TabA.swift */,
				6071D898207434030004C8AB /* TabB.swift */,
				6071D89B20752C750004C8AB /* TabC.swift */,
				6071D888207428250004C8AB /* Main.storyboard */,
				6071D88B207428250004C8AB /* Assets.xcassets */,
				6071D88D207428250004C8AB /* LaunchScreen.storyboard */,
				6071D890207428250004C8AB /* Info.plist */,
			);
			path = TabbedSearch;
			sourceTree = "<group>";
		};
/* End PBXGroup section */

/* Begin PBXNativeTarget section */
		6071D880207428250004C8AB /* TabbedSearch */ = {
			isa = PBXNativeTarget;
			buildConfigurationList = 6071D893207428250004C8AB /* Build configuration list for PBXNativeTarget "TabbedSearch" */;
			buildPhases = (
				6071D87D207428250004C8AB /* Sources */,
				6071D87E207428250004C8AB /* Frameworks */,
				6071D87F207428250004C8AB /* Resources */,
			);
			buildRules = (
			);
			dependencies = (
			);
			name = TabbedSearch;
			productName = TabbedSearch;
			productReference = 6071D881207428250004C8AB /* TabbedSearch.app */;
			productType = "com.apple.product-type.application";
		};
/* End PBXNativeTarget section */

/* Begin PBXProject section */
		6071D879207428250004C8AB /* Project object */ = {
			isa = PBXProject;
			attributes = {
				LastSwiftUpdateCheck = 0920;
				LastUpgradeCheck = 0920;
				ORGANIZATIONNAME = ClimbingWeather;
				TargetAttributes = {
					6071D880207428250004C8AB = {
						CreatedOnToolsVersion = 9.2;
						ProvisioningStyle = Automatic;
					};
				};
			};
			buildConfigurationList = 6071D87C207428250004C8AB /* Build configuration list for PBXProject "TabbedSearch" */;
			compatibilityVersion = "Xcode 8.0";
			developmentRegion = en;
			hasScannedForEncodings = 0;
			knownRegions = (
				en,
				Base,
			);
			mainGroup = 6071D878207428250004C8AB;
			productRefGroup = 6071D882207428250004C8AB /* Products */;
			projectDirPath = "";
			projectRoot = "";
			targets = (
				6071D880207428250004C8AB /* TabbedSearch */,
			);
		};
/* End PBXProject section */

/* Begin PBXResourcesBuildPhase section */
		6071D87F207428250004C8AB /* Resources */ = {
			isa = PBXResourcesBuildPhase;
			buildActionMask = 2147483647;
			files = (
				6071D88F207428250004C8AB /* LaunchScreen.storyboard in Resources */,
				6071D88C207428250004C8AB /* Assets.xcassets in Resources */,
				6071D88A207428250004C8AB /* Main.storyboard in Resources */,
			);
			runOnlyForDeploymentPostprocessing = 0;
		};
/* End PBXResourcesBuildPhase section */

/* Begin PBXSourcesBuildPhase section */
		6071D87D207428250004C8AB /* Sources */ = {
			isa = PBXSourcesBuildPhase;
			buildActionMask = 2147483647;
			files = (
				6071D887207428250004C8AB /* ViewController.swift in Sources */,
				6071D885207428250004C8AB /* AppDelegate.swift in Sources */,
				6071D899207434030004C8AB /* TabB.swift in Sources */,
				6071D89C20752C750004C8AB /* TabC.swift in Sources */,
				6071D897207428AA0004C8AB /* TabA.swift in Sources */,
			);
			runOnlyForDeploymentPostprocessing = 0;
		};
/* End PBXSourcesBuildPhase section */

/* Begin PBXVariantGroup section */
		6071D888207428250004C8AB /* Main.storyboard */ = {
			isa = PBXVariantGroup;
			children = (
				6071D889207428250004C8AB /* Base */,
			);
			name = Main.storyboard;
			sourceTree = "<group>";
		};
		6071D88D207428250004C8AB /* LaunchScreen.storyboard */ = {
			isa = PBXVariantGroup;
			children = (
				6071D88E207428250004C8AB /* Base */,
			);
			name = LaunchScreen.storyboard;
			sourceTree = "<group>";
		};
/* End PBXVariantGroup section */

/* Begin XCBuildConfiguration section */
		6071D891207428250004C8AB /* Debug */ = {
			isa = XCBuildConfiguration;
			buildSettings = {
				ALWAYS_SEARCH_USER_PATHS = NO;
				CLANG_ANALYZER_NONNULL = YES;
				CLANG_ANALYZER_NUMBER_OBJECT_CONVERSION = YES_AGGRESSIVE;
				CLANG_CXX_LANGUAGE_STANDARD = "gnu++14";
				CLANG_CXX_LIBRARY = "libc++";
				CLANG_ENABLE_MODULES = YES;
				CLANG_ENABLE_OBJC_ARC = YES;
				CLANG_WARN_BLOCK_CAPTURE_AUTORELEASING = YES;
				CLANG_WARN_BOOL_CONVERSION = YES;
				CLANG_WARN_COMMA = YES;
				CLANG_WARN_CONSTANT_CONVERSION = YES;
				CLANG_WARN_DIRECT_OBJC_ISA_USAGE = YES_ERROR;
				CLANG_WARN_DOCUMENTATION_COMMENTS = YES;
				CLANG_WARN_EMPTY_BODY = YES;
				CLANG_WARN_ENUM_CONVERSION = YES;
				CLANG_WARN_INFINITE_RECURSION = YES;
				CLANG_WARN_INT_CONVERSION = YES;
				CLANG_WARN_NON_LITERAL_NULL_CONVERSION = YES;
				CLANG_WARN_OBJC_LITERAL_CONVERSION = YES;
				CLANG_WARN_OBJC_ROOT_CLASS = YES_ERROR;
				CLANG_WARN_RANGE_LOOP_ANALYSIS = YES;
				CLANG_WARN_STRICT_PROTOTYPES = YES;
				CLANG_WARN_SUSPICIOUS_MOVE = YES;
				CLANG_WARN_UNGUARDED_AVAILABILITY = YES_AGGRESSIVE;
				CLANG_WARN_UNREACHABLE_CODE = YES;
				CLANG_WARN__DUPLICATE_METHOD_MATCH = YES;
				CODE_SIGN_IDENTITY = "iPhone Developer";
				COPY_PHASE_STRIP = NO;
				DEBUG_INFORMATION_FORMAT = dwarf;
				ENABLE_STRICT_OBJC_MSGSEND = YES;
				ENABLE_TESTABILITY = YES;
				GCC_C_LANGUAGE_STANDARD = gnu11;
				GCC_DYNAMIC_NO_PIC = NO;
				GCC_NO_COMMON_BLOCKS = YES;
				GCC_OPTIMIZATION_LEVEL = 0;
				GCC_PREPROCESSOR_DEFINITIONS = (
					"DEBUG=1",
					"$(inherited)",
				);
				GCC_WARN_64_TO_32_BIT_CONVERSION = YES;
				GCC_WARN_ABOUT_RETURN_TYPE = YES_ERROR;
				GCC_WARN_UNDECLARED_SELECTOR = YES;
				GCC_WARN_UNINITIALIZED_AUTOS = YES_AGGRESSIVE;
				GCC_WARN_UNUSED_FUNCTION = YES;
				GCC_WARN_UNUSED_VARIABLE = YES;
				IPHONEOS_DEPLOYMENT_TARGET = 11.2;
				MTL_ENABLE_DEBUG_INFO = YES;
				ONLY_ACTIVE_ARCH = YES;
				SDKROOT = iphoneos;
				SWIFT_ACTIVE_COMPILATION_CONDITIONS = DEBUG;
				SWIFT_OPTIMIZATION_LEVEL = "-Onone";
			};
			name = Debug;
		};
		6071D892207428250004C8AB /* Release */ = {
			isa = XCBuildConfiguration;
			buildSettings = {
				ALWAYS_SEARCH_USER_PATHS = NO;
				CLANG_ANALYZER_NONNULL = YES;
				CLANG_ANALYZER_NUMBER_OBJECT_CONVERSION = YES_AGGRESSIVE;
				CLANG_CXX_LANGUAGE_STANDARD = "gnu++14";
				CLANG_CXX_LIBRARY = "libc++";
				CLANG_ENABLE_MODULES = YES;
				CLANG_ENABLE_OBJC_ARC = YES;
				CLANG_WARN_BLOCK_CAPTURE_AUTORELEASING = YES;
				CLANG_WARN_BOOL_CONVERSION = YES;
				CLANG_WARN_COMMA = YES;
				CLANG_WARN_CONSTANT_CONVERSION = YES;
				CLANG_WARN_DIRECT_OBJC_ISA_USAGE = YES_ERROR;
				CLANG_WARN_DOCUMENTATION_COMMENTS = YES;
				CLANG_WARN_EMPTY_BODY = YES;
				CLANG_WARN_ENUM_CONVERSION = YES;
				CLANG_WARN_INFINITE_RECURSION = YES;
				CLANG_WARN_INT_CONVERSION = YES;
				CLANG_WARN_NON_LITERAL_NULL_CONVERSION = YES;
				CLANG_WARN_OBJC_LITERAL_CONVERSION = YES;
				CLANG_WARN_OBJC_ROOT_CLASS = YES_ERROR;
				CLANG_WARN_RANGE_LOOP_ANALYSIS = YES;
				CLANG_WARN_STRICT_PROTOTYPES = YES;
				CLANG_WARN_SUSPICIOUS_MOVE = YES;
				CLANG_WARN_UNGUARDED_AVAILABILITY = YES_AGGRESSIVE;
				CLANG_WARN_UNREACHABLE_CODE = YES;
				CLANG_WARN__DUPLICATE_METHOD_MATCH = YES;
				CODE_SIGN_IDENTITY = "iPhone Developer";
				COPY_PHASE_STRIP = NO;
				DEBUG_INFORMATION_FORMAT = "dwarf-with-dsym";
				ENABLE_NS_ASSERTIONS = NO;
				ENABLE_STRICT_OBJC_MSGSEND = YES;
				GCC_C_LANGUAGE_STANDARD = gnu11;
				GCC_NO_COMMON_BLOCKS = YES;
				GCC_WARN_64_TO_32_BIT_CONVERSION = YES;
				GCC_WARN_ABOUT_RETURN_TYPE = YES_ERROR;
				GCC_WARN_UNDECLARED_SELECTOR = YES;
				GCC_WARN_UNINITIALIZED_AUTOS = YES_AGGRESSIVE;
				GCC_WARN_UNUSED_FUNCTION = YES;
				GCC_WARN_UNUSED_VARIABLE = YES;
				IPHONEOS_DEPLOYMENT_TARGET = 11.2;
				MTL_ENABLE_DEBUG_INFO = NO;
				SDKROOT = iphoneos;
				SWIFT_OPTIMIZATION_LEVEL = "-Owholemodule";
				VALIDATE_PRODUCT = YES;
			};
			name = Release;
		};
		6071D894207428250004C8AB /* Debug */ = {
			isa = XCBuildConfiguration;
			buildSettings = {
				ASSETCATALOG_COMPILER_APPICON_NAME = AppIcon;
				CODE_SIGN_STYLE = Automatic;
				DEVELOPMENT_TEAM = WS467LQPET;
				INFOPLIST_FILE = TabbedSearch/Info.plist;
				LD_RUNPATH_SEARCH_PATHS = "$(inherited) @executable_path/Frameworks";
				PRODUCT_BUNDLE_IDENTIFIER = com.climbingweather.TabbedSearch;
				PRODUCT_NAME = "$(TARGET_NAME)";
				SWIFT_VERSION = 4.0;
				TARGETED_DEVICE_FAMILY = "1,2";
			};
			name = Debug;
		};
		6071D895207428250004C8AB /* Release */ = {
			isa = XCBuildConfiguration;
			buildSettings = {
				ASSETCATALOG_COMPILER_APPICON_NAME = AppIcon;
				CODE_SIGN_STYLE = Automatic;
				DEVELOPMENT_TEAM = WS467LQPET;
				INFOPLIST_FILE = TabbedSearch/Info.plist;
				LD_RUNPATH_SEARCH_PATHS = "$(inherited) @executable_path/Frameworks";
				PRODUCT_BUNDLE_IDENTIFIER = com.climbingweather.TabbedSearch;
				PRODUCT_NAME = "$(TARGET_NAME)";
				SWIFT_VERSION = 4.0;
				TARGETED_DEVICE_FAMILY = "1,2";
			};
			name = Release;
		};
/* End XCBuildConfiguration section */

/* Begin XCConfigurationList section */
		6071D87C207428250004C8AB /* Build configuration list for PBXProject "TabbedSearch" */ = {
			isa = XCConfigurationList;
			buildConfigurations = (
				6071D891207428250004C8AB /* Debug */,
				6071D892207428250004C8AB /* Release */,
			);
			defaultConfigurationIsVisible = 0;
			defaultConfigurationName = Release;
		};
		6071D893207428250004C8AB /* Build configuration list for PBXNativeTarget "TabbedSearch" */ = {
			isa = XCConfigurationList;
			buildConfigurations = (
				6071D894207428250004C8AB /* Debug */,
				6071D895207428250004C8AB /* Release */,
			);
			defaultConfigurationIsVisible = 0;
			defaultConfigurationName = Release;
		};
/* End XCConfigurationList section */
	};
	rootObject = 6071D879207428250004C8AB /* Project object */;
}
